
Microsoft Visual Studio Solution File, Format Version 12.00
# Visual Studio Version 17
VisualStudioVersion = 17.5.33424.131
MinimumVisualStudioVersion = 10.0.40219.1
Project("{FAE04EC0-301F-11D3-BF4B-00C04F79EFBC}") = "ComputerShop", "ComputerShop\ComputerShop.csproj", "{5549BB56-A369-4015-A40C-9E71D7A9AEF3}"
EndProject
Global
	GlobalSection(SolutionConfigurationPlatforms) = preSolution
		Debug|Any CPU = Debug|Any CPU
		Release|Any CPU = Release|Any CPU
	EndGlobalSection
	GlobalSection(ProjectConfigurationPlatforms) = postSolution
		{5549BB56-A369-4015-A40C-9E71D7A9AEF3}.Debug|Any CPU.ActiveCfg = Debug|Any CPU
		{5549BB56-A369-4015-A40C-9E71D7A9AEF3}.Debug|Any CPU.Build.0 = Debug|Any CPU
		{5549BB56-A369-4015-A40C-9E71D7A9AEF3}.Release|Any CPU.ActiveCfg = Release|Any CPU
		{5549BB56-A369-4015-A40C-9E71D7A9AEF3}.Release|Any CPU.Build.0 = Release|Any CPU
	EndGlobalSection
	GlobalSection(SolutionProperties) = preSolution
		HideSolutionNode = FALSE
	EndGlobalSection
	GlobalSection(ExtensibilityGlobals) = postSolution
		SolutionGuid = {2D49A1F3-5902-4C3F-B505-6CCF71783921}
	EndGlobalSection
EndGlobal
